
Microsoft Visual Studio Solution File, Format Version 11.00
# Visual Studio 2010
Project("{FAE04EC0-301F-11D3-BF4B-00C04F79EFBC}") = "BarclaysCSVDataParser.App", "BarclaysCSVDataParser.App\BarclaysCSVDataParser.App.csproj", "{24E6C0D6-5BFD-4D4B-8E5A-F08CA2D8EC1A}"
EndProject
Project("{FAE04EC0-301F-11D3-BF4B-00C04F79EFBC}") = "CsvHelper", "CsvHelper\CsvHelper.csproj", "{D8D73059-70E8-417D-BED8-D56ECCD14591}"
EndProject
Project("{FAE04EC0-301F-11D3-BF4B-00C04F79EFBC}") = "TestProject1", "TestProject1\TestProject1.csproj", "{FFC10953-7E70-4CCE-931A-A2EBB17DD541}"
EndProject
Global
	GlobalSection(SolutionConfigurationPlatforms) = preSolution
		Debug|Any CPU = Debug|Any CPU
		Debug|Mixed Platforms = Debug|Mixed Platforms
		Debug|x86 = Debug|x86
		Release|Any CPU = Release|Any CPU
		Release|Mixed Platforms = Release|Mixed Platforms
		Release|x86 = Release|x86
	EndGlobalSection
	GlobalSection(ProjectConfigurationPlatforms) = postSolution
		{24E6C0D6-5BFD-4D4B-8E5A-F08CA2D8EC1A}.Debug|Any CPU.ActiveCfg = Debug|Any CPU
		{24E6C0D6-5BFD-4D4B-8E5A-F08CA2D8EC1A}.Debug|Any CPU.Build.0 = Debug|Any CPU
		{24E6C0D6-5BFD-4D4B-8E5A-F08CA2D8EC1A}.Debug|Mixed Platforms.ActiveCfg = Debug|x86
		{24E6C0D6-5BFD-4D4B-8E5A-F08CA2D8EC1A}.Debug|Mixed Platforms.Build.0 = Debug|x86
		{24E6C0D6-5BFD-4D4B-8E5A-F08CA2D8EC1A}.Debug|x86.ActiveCfg = Debug|x86
		{24E6C0D6-5BFD-4D4B-8E5A-F08CA2D8EC1A}.Debug|x86.Build.0 = Debug|x86
		{24E6C0D6-5BFD-4D4B-8E5A-F08CA2D8EC1A}.Release|Any CPU.ActiveCfg = Release|Any CPU
		{24E6C0D6-5BFD-4D4B-8E5A-F08CA2D8EC1A}.Release|Any CPU.Build.0 = Release|Any CPU
		{24E6C0D6-5BFD-4D4B-8E5A-F08CA2D8EC1A}.Release|Mixed Platforms.ActiveCfg = Release|x86
		{24E6C0D6-5BFD-4D4B-8E5A-F08CA2D8EC1A}.Release|Mixed Platforms.Build.0 = Release|x86
		{24E6C0D6-5BFD-4D4B-8E5A-F08CA2D8EC1A}.Release|x86.ActiveCfg = Release|x86
		{24E6C0D6-5BFD-4D4B-8E5A-F08CA2D8EC1A}.Release|x86.Build.0 = Release|x86
		{D8D73059-70E8-417D-BED8-D56ECCD14591}.Debug|Any CPU.ActiveCfg = Debug|Any CPU
		{D8D73059-70E8-417D-BED8-D56ECCD14591}.Debug|Any CPU.Build.0 = Debug|Any CPU
		{D8D73059-70E8-417D-BED8-D56ECCD14591}.Debug|Mixed Platforms.ActiveCfg = Debug|Any CPU
		{D8D73059-70E8-417D-BED8-D56ECCD14591}.Debug|Mixed Platforms.Build.0 = Debug|Any CPU
		{D8D73059-70E8-417D-BED8-D56ECCD14591}.Debug|x86.ActiveCfg = Debug|x86
		{D8D73059-70E8-417D-BED8-D56ECCD14591}.Debug|x86.Build.0 = Debug|x86
		{D8D73059-70E8-417D-BED8-D56ECCD14591}.Release|Any CPU.ActiveCfg = Release|Any CPU
		{D8D73059-70E8-417D-BED8-D56ECCD14591}.Release|Any CPU.Build.0 = Release|Any CPU
		{D8D73059-70E8-417D-BED8-D56ECCD14591}.Release|Mixed Platforms.ActiveCfg = Release|Any CPU
		{D8D73059-70E8-417D-BED8-D56ECCD14591}.Release|Mixed Platforms.Build.0 = Release|Any CPU
		{D8D73059-70E8-417D-BED8-D56ECCD14591}.Release|x86.ActiveCfg = Release|x86
		{D8D73059-70E8-417D-BED8-D56ECCD14591}.Release|x86.Build.0 = Release|x86
		{FFC10953-7E70-4CCE-931A-A2EBB17DD541}.Debug|Any CPU.ActiveCfg = Debug|Any CPU
		{FFC10953-7E70-4CCE-931A-A2EBB17DD541}.Debug|Any CPU.Build.0 = Debug|Any CPU
		{FFC10953-7E70-4CCE-931A-A2EBB17DD541}.Debug|Mixed Platforms.ActiveCfg = Debug|Any CPU
		{FFC10953-7E70-4CCE-931A-A2EBB17DD541}.Debug|Mixed Platforms.Build.0 = Debug|Any CPU
		{FFC10953-7E70-4CCE-931A-A2EBB17DD541}.Debug|x86.ActiveCfg = Debug|x86
		{FFC10953-7E70-4CCE-931A-A2EBB17DD541}.Debug|x86.Build.0 = Debug|x86
		{FFC10953-7E70-4CCE-931A-A2EBB17DD541}.Release|Any CPU.ActiveCfg = Release|Any CPU
		{FFC10953-7E70-4CCE-931A-A2EBB17DD541}.Release|Any CPU.Build.0 = Release|Any CPU
		{FFC10953-7E70-4CCE-931A-A2EBB17DD541}.Release|Mixed Platforms.ActiveCfg = Release|Any CPU
		{FFC10953-7E70-4CCE-931A-A2EBB17DD541}.Release|Mixed Platforms.Build.0 = Release|Any CPU
		{FFC10953-7E70-4CCE-931A-A2EBB17DD541}.Release|x86.ActiveCfg = Release|x86
		{FFC10953-7E70-4CCE-931A-A2EBB17DD541}.Release|x86.Build.0 = Release|x86
	EndGlobalSection
	GlobalSection(SolutionProperties) = preSolution
		HideSolutionNode = FALSE
	EndGlobalSection
EndGlobal
